
Microsoft Visual Studio Solution File, Format Version 12.00
# Visual Studio Version 17
VisualStudioVersion = 17.12.35707.178
MinimumVisualStudioVersion = 10.0.40219.1
Project("{FAE04EC0-301F-11D3-BF4B-00C04F79EFBC}") = "task01_01", "task01_01\task01_01.csproj", "{28064D48-3A0A-43A4-81FD-090FD2FC83AD}"
EndProject
Project("{FAE04EC0-301F-11D3-BF4B-00C04F79EFBC}") = "task01_02", "task01_02\task01_02.csproj", "{13F94CA2-2E87-4FA0-A00D-87F4C0ACB832}"
EndProject
Project("{FAE04EC0-301F-11D3-BF4B-00C04F79EFBC}") = "task03_01", "task03_01\task03_01.csproj", "{B265EFC8-770A-473B-9461-1A6ECA73CAEC}"
EndProject
Project("{FAE04EC0-301F-11D3-BF4B-00C04F79EFBC}") = "task03_02", "task03_02\task03_02.csproj", "{79D2C7B9-6679-48CF-88A0-E556EC58BBBE}"
EndProject
Project("{FAE04EC0-301F-11D3-BF4B-00C04F79EFBC}") = "task03_03", "task03_03\task03_03.csproj", "{EA4FE5C2-F7C2-405F-B7A4-610AC5C8F1E0}"
EndProject
Project("{FAE04EC0-301F-11D3-BF4B-00C04F79EFBC}") = "task04_01", "task04_01\task04_01.csproj", "{E195E416-6125-48F1-9B30-65043CFB3D7D}"
EndProject
Project("{FAE04EC0-301F-11D3-BF4B-00C04F79EFBC}") = "task02_03", "task02_03\task02_03.csproj", "{E8803640-F8F4-4AC3-9B3F-043618A35275}"
EndProject
Project("{FAE04EC0-301F-11D3-BF4B-00C04F79EFBC}") = "practice 1", "practice 1\practice 1.csproj", "{6BBA30FD-ADE2-4028-AC07-A01E97BF5F17}"
EndProject
Project("{FAE04EC0-301F-11D3-BF4B-00C04F79EFBC}") = "task7_1", "task7_1\task7_1.csproj", "{232DF58B-51A4-4A56-97B8-0E514C7C7EDC}"
EndProject
Project("{FAE04EC0-301F-11D3-BF4B-00C04F79EFBC}") = "task 7_ 2", "task 7_ 2\task 7_ 2.csproj", "{8B31DA69-4473-4F04-A85C-96E23411EF0A}"
EndProject
Project("{FAE04EC0-301F-11D3-BF4B-00C04F79EFBC}") = "task_06_01", "task_06_01\task_06_01.csproj", "{61071AA4-D549-4CB7-B6BC-D8692233A263}"
EndProject
Project("{FAE04EC0-301F-11D3-BF4B-00C04F79EFBC}") = "task06_02", "task06_02\task06_02.csproj", "{086414B0-6173-41B9-8A0E-6FBF8D5BC908}"
EndProject
Global
	GlobalSection(SolutionConfigurationPlatforms) = preSolution
		Debug|Any CPU = Debug|Any CPU
		Release|Any CPU = Release|Any CPU
	EndGlobalSection
	GlobalSection(ProjectConfigurationPlatforms) = postSolution
		{28064D48-3A0A-43A4-81FD-090FD2FC83AD}.Debug|Any CPU.ActiveCfg = Debug|Any CPU
		{28064D48-3A0A-43A4-81FD-090FD2FC83AD}.Debug|Any CPU.Build.0 = Debug|Any CPU
		{28064D48-3A0A-43A4-81FD-090FD2FC83AD}.Release|Any CPU.ActiveCfg = Release|Any CPU
		{28064D48-3A0A-43A4-81FD-090FD2FC83AD}.Release|Any CPU.Build.0 = Release|Any CPU
		{13F94CA2-2E87-4FA0-A00D-87F4C0ACB832}.Debug|Any CPU.ActiveCfg = Debug|Any CPU
		{13F94CA2-2E87-4FA0-A00D-87F4C0ACB832}.Debug|Any CPU.Build.0 = Debug|Any CPU
		{13F94CA2-2E87-4FA0-A00D-87F4C0ACB832}.Release|Any CPU.ActiveCfg = Release|Any CPU
		{13F94CA2-2E87-4FA0-A00D-87F4C0ACB832}.Release|Any CPU.Build.0 = Release|Any CPU
		{B265EFC8-770A-473B-9461-1A6ECA73CAEC}.Debug|Any CPU.ActiveCfg = Debug|Any CPU
		{B265EFC8-770A-473B-9461-1A6ECA73CAEC}.Debug|Any CPU.Build.0 = Debug|Any CPU
		{B265EFC8-770A-473B-9461-1A6ECA73CAEC}.Release|Any CPU.ActiveCfg = Release|Any CPU
		{B265EFC8-770A-473B-9461-1A6ECA73CAEC}.Release|Any CPU.Build.0 = Release|Any CPU
		{79D2C7B9-6679-48CF-88A0-E556EC58BBBE}.Debug|Any CPU.ActiveCfg = Debug|Any CPU
		{79D2C7B9-6679-48CF-88A0-E556EC58BBBE}.Debug|Any CPU.Build.0 = Debug|Any CPU
		{79D2C7B9-6679-48CF-88A0-E556EC58BBBE}.Release|Any CPU.ActiveCfg = Release|Any CPU
		{79D2C7B9-6679-48CF-88A0-E556EC58BBBE}.Release|Any CPU.Build.0 = Release|Any CPU
		{EA4FE5C2-F7C2-405F-B7A4-610AC5C8F1E0}.Debug|Any CPU.ActiveCfg = Debug|Any CPU
		{EA4FE5C2-F7C2-405F-B7A4-610AC5C8F1E0}.Debug|Any CPU.Build.0 = Debug|Any CPU
		{EA4FE5C2-F7C2-405F-B7A4-610AC5C8F1E0}.Release|Any CPU.ActiveCfg = Release|Any CPU
		{EA4FE5C2-F7C2-405F-B7A4-610AC5C8F1E0}.Release|Any CPU.Build.0 = Release|Any CPU
		{E195E416-6125-48F1-9B30-65043CFB3D7D}.Debug|Any CPU.ActiveCfg = Debug|Any CPU
		{E195E416-6125-48F1-9B30-65043CFB3D7D}.Debug|Any CPU.Build.0 = Debug|Any CPU
		{E195E416-6125-48F1-9B30-65043CFB3D7D}.Release|Any CPU.ActiveCfg = Release|Any CPU
		{E195E416-6125-48F1-9B30-65043CFB3D7D}.Release|Any CPU.Build.0 = Release|Any CPU
		{E8803640-F8F4-4AC3-9B3F-043618A35275}.Debug|Any CPU.ActiveCfg = Debug|Any CPU
		{E8803640-F8F4-4AC3-9B3F-043618A35275}.Debug|Any CPU.Build.0 = Debug|Any CPU
		{E8803640-F8F4-4AC3-9B3F-043618A35275}.Release|Any CPU.ActiveCfg = Release|Any CPU
		{E8803640-F8F4-4AC3-9B3F-043618A35275}.Release|Any CPU.Build.0 = Release|Any CPU
		{6BBA30FD-ADE2-4028-AC07-A01E97BF5F17}.Debug|Any CPU.ActiveCfg = Debug|Any CPU
		{6BBA30FD-ADE2-4028-AC07-A01E97BF5F17}.Debug|Any CPU.Build.0 = Debug|Any CPU
		{6BBA30FD-ADE2-4028-AC07-A01E97BF5F17}.Release|Any CPU.ActiveCfg = Release|Any CPU
		{6BBA30FD-ADE2-4028-AC07-A01E97BF5F17}.Release|Any CPU.Build.0 = Release|Any CPU
		{232DF58B-51A4-4A56-97B8-0E514C7C7EDC}.Debug|Any CPU.ActiveCfg = Debug|Any CPU
		{232DF58B-51A4-4A56-97B8-0E514C7C7EDC}.Debug|Any CPU.Build.0 = Debug|Any CPU
		{232DF58B-51A4-4A56-97B8-0E514C7C7EDC}.Release|Any CPU.ActiveCfg = Release|Any CPU
		{232DF58B-51A4-4A56-97B8-0E514C7C7EDC}.Release|Any CPU.Build.0 = Release|Any CPU
		{8B31DA69-4473-4F04-A85C-96E23411EF0A}.Debug|Any CPU.ActiveCfg = Debug|Any CPU
		{8B31DA69-4473-4F04-A85C-96E23411EF0A}.Debug|Any CPU.Build.0 = Debug|Any CPU
		{8B31DA69-4473-4F04-A85C-96E23411EF0A}.Release|Any CPU.ActiveCfg = Release|Any CPU
		{8B31DA69-4473-4F04-A85C-96E23411EF0A}.Release|Any CPU.Build.0 = Release|Any CPU
		{61071AA4-D549-4CB7-B6BC-D8692233A263}.Debug|Any CPU.ActiveCfg = Debug|Any CPU
		{61071AA4-D549-4CB7-B6BC-D8692233A263}.Debug|Any CPU.Build.0 = Debug|Any CPU
		{61071AA4-D549-4CB7-B6BC-D8692233A263}.Release|Any CPU.ActiveCfg = Release|Any CPU
		{61071AA4-D549-4CB7-B6BC-D8692233A263}.Release|Any CPU.Build.0 = Release|Any CPU
		{086414B0-6173-41B9-8A0E-6FBF8D5BC908}.Debug|Any CPU.ActiveCfg = Debug|Any CPU
		{086414B0-6173-41B9-8A0E-6FBF8D5BC908}.Debug|Any CPU.Build.0 = Debug|Any CPU
		{086414B0-6173-41B9-8A0E-6FBF8D5BC908}.Release|Any CPU.ActiveCfg = Release|Any CPU
		{086414B0-6173-41B9-8A0E-6FBF8D5BC908}.Release|Any CPU.Build.0 = Release|Any CPU
	EndGlobalSection
	GlobalSection(SolutionProperties) = preSolution
		HideSolutionNode = FALSE
	EndGlobalSection
EndGlobal
